
Microsoft Visual Studio Solution File, Format Version 12.00
# Visual Studio Version 17
VisualStudioVersion = 17.11.35222.181
MinimumVisualStudioVersion = 10.0.40219.1
Project("{FAE04EC0-301F-11D3-BF4B-00C04F79EFBC}") = "JhonZuluagaAPP", "JhonZuluagaAPP\JhonZuluagaAPP.csproj", "{AB72534F-D115-407D-A100-976C09AAB5DA}"
EndProject
Global
	GlobalSection(SolutionConfigurationPlatforms) = preSolution
		Debug|Any CPU = Debug|Any CPU
		Release|Any CPU = Release|Any CPU
	EndGlobalSection
	GlobalSection(ProjectConfigurationPlatforms) = postSolution
		{AB72534F-D115-407D-A100-976C09AAB5DA}.Debug|Any CPU.ActiveCfg = Debug|Any CPU
		{AB72534F-D115-407D-A100-976C09AAB5DA}.Debug|Any CPU.Build.0 = Debug|Any CPU
		{AB72534F-D115-407D-A100-976C09AAB5DA}.Release|Any CPU.ActiveCfg = Release|Any CPU
		{AB72534F-D115-407D-A100-976C09AAB5DA}.Release|Any CPU.Build.0 = Release|Any CPU
	EndGlobalSection
	GlobalSection(SolutionProperties) = preSolution
		HideSolutionNode = FALSE
	EndGlobalSection
	GlobalSection(ExtensibilityGlobals) = postSolution
		SolutionGuid = {C9263B30-6357-4E53-B6A2-5986D2C170FF}
	EndGlobalSection
EndGlobal
